
Microsoft Visual Studio Solution File, Format Version 12.00
# Visual Studio Express 15 for Windows Desktop
VisualStudioVersion = 15.0.28307.1525
MinimumVisualStudioVersion = 10.0.40219.1
Project("{8BC9CEB8-8B4A-11D0-8D11-00A0C91BC942}") = "b24tovtt", "b24tovtt.vcxproj", "{FD2AA342-DF12-43D3-9065-B4F4E0DAC867}"
EndProject
Global
	GlobalSection(SolutionConfigurationPlatforms) = preSolution
		Debug|x64 = Debug|x64
		Debug|x86 = Debug|x86
		Release|x64 = Release|x64
		Release|x86 = Release|x86
	EndGlobalSection
	GlobalSection(ProjectConfigurationPlatforms) = postSolution
		{FD2AA342-DF12-43D3-9065-B4F4E0DAC867}.Debug|x64.ActiveCfg = Debug|x64
		{FD2AA342-DF12-43D3-9065-B4F4E0DAC867}.Debug|x64.Build.0 = Debug|x64
		{FD2AA342-DF12-43D3-9065-B4F4E0DAC867}.Debug|x86.ActiveCfg = Debug|Win32
		{FD2AA342-DF12-43D3-9065-B4F4E0DAC867}.Debug|x86.Build.0 = Debug|Win32
		{FD2AA342-DF12-43D3-9065-B4F4E0DAC867}.Release|x64.ActiveCfg = Release|x64
		{FD2AA342-DF12-43D3-9065-B4F4E0DAC867}.Release|x64.Build.0 = Release|x64
		{FD2AA342-DF12-43D3-9065-B4F4E0DAC867}.Release|x86.ActiveCfg = Release|Win32
		{FD2AA342-DF12-43D3-9065-B4F4E0DAC867}.Release|x86.Build.0 = Release|Win32
	EndGlobalSection
	GlobalSection(SolutionProperties) = preSolution
		HideSolutionNode = FALSE
	EndGlobalSection
	GlobalSection(ExtensibilityGlobals) = postSolution
		SolutionGuid = {DC907B7A-0A27-43D8-94B8-D35229102CFD}
	EndGlobalSection
EndGlobal
